{
  "name": "EnColor",
  "lockfileVersion": 3,
  "requires": true,
  "packages": {
    "": {
      "dependencies": {
        "chrome-types": "^0.1.190"
      }
    },
    "node_modules/chrome-types": {
      "version": "0.1.190",
      "resolved": "https://registry.npmjs.org/chrome-types/-/chrome-types-0.1.190.tgz",
      "integrity": "sha512-1zDz0S3BUMUzOMUCIcJaE7O0Z9orglQIRx9+Rt56WDTQ2FwqoXgnWxtXe3gEM7EsU0P5F9tG+kXI00nP4+CSpw=="
    }
  }
}
